
Microsoft Visual Studio Solution File, Format Version 12.00
# Visual Studio Version 17
VisualStudioVersion = 17.6.33815.320
MinimumVisualStudioVersion = 10.0.40219.1
Project("{2150E333-8FDC-42A3-9474-1A3956D46DE8}") = "Application", "Application", "{948C3130-57BB-4388-8A91-D92AD390F3F4}"
EndProject
Project("{2150E333-8FDC-42A3-9474-1A3956D46DE8}") = "Business", "Business", "{CFA62D18-3EFF-4AC2-8554-8112A77370F0}"
EndProject
Project("{2150E333-8FDC-42A3-9474-1A3956D46DE8}") = "Data", "Data", "{488EE8D9-7142-4BE2-A6E0-4F7CF4E2D874}"
EndProject
Project("{2150E333-8FDC-42A3-9474-1A3956D46DE8}") = "Infrastructure", "Infrastructure", "{BAFFA0E2-B42F-4ABC-BCEB-3C4B999A91CD}"
EndProject
Project("{9A19103F-16F7-4668-BE54-9A1E7A4F7556}") = "BU.DTO", "Business\BU.DTO\BU.DTO.csproj", "{8A870055-918E-4CFA-8075-444EF289AC2A}"
EndProject
Project("{9A19103F-16F7-4668-BE54-9A1E7A4F7556}") = "DA.DAO", "Data\DA.DAO\DA.DAO.csproj", "{71157618-89CA-46F9-B584-0D8CC30A0C2E}"
EndProject
Project("{9A19103F-16F7-4668-BE54-9A1E7A4F7556}") = "DA.Entities", "Data\DA.Entities\DA.Entities.csproj", "{4E7BBC83-7DDA-49CB-AD57-052B2FE8683F}"
EndProject
Project("{9A19103F-16F7-4668-BE54-9A1E7A4F7556}") = "IN.Common", "Infrastructure\IN.Common\IN.Common.csproj", "{CC8B991A-0D70-460C-B831-736D15411B14}"
EndProject
Project("{9A19103F-16F7-4668-BE54-9A1E7A4F7556}") = "IN.ORM", "Infrastructure\IN.DataAccess\IN.ORM.csproj", "{667F4315-16ED-4187-9520-AACABB40F9F6}"
EndProject
Project("{9A19103F-16F7-4668-BE54-9A1E7A4F7556}") = "IN.DependencyResolution", "Infrastructure\IN.DependencyResolution\IN.DependencyResolution.csproj", "{E36C0B44-3BE5-4E03-A49B-F28B3DFE6C94}"
EndProject
Project("{9A19103F-16F7-4668-BE54-9A1E7A4F7556}") = "IN.Logging", "Infrastructure\IN.Logging\IN.Logging.csproj", "{CBEAA740-254E-47F5-8962-B0030D3DFDF8}"
EndProject
Project("{9A19103F-16F7-4668-BE54-9A1E7A4F7556}") = "BU.Services", "Business\BU.Services\BU.Services.csproj", "{BE48B1CB-9550-4927-87CD-0D6259BFCF6F}"
EndProject
Project("{9A19103F-16F7-4668-BE54-9A1E7A4F7556}") = "WebAPI", "Application\WebAPI\WebAPI.csproj", "{D094322D-014A-4340-A730-B262F51D5FBE}"
EndProject
Project("{2150E333-8FDC-42A3-9474-1A3956D46DE8}") = "Solution Items", "Solution Items", "{F679397B-EA72-4E1F-B972-E11891D350B1}"
	ProjectSection(SolutionItems) = preProject
		.gitignore.txt = .gitignore.txt
	EndProjectSection
EndProject
Global
	GlobalSection(SolutionConfigurationPlatforms) = preSolution
		Debug|Any CPU = Debug|Any CPU
		Release|Any CPU = Release|Any CPU
	EndGlobalSection
	GlobalSection(ProjectConfigurationPlatforms) = postSolution
		{8A870055-918E-4CFA-8075-444EF289AC2A}.Debug|Any CPU.ActiveCfg = Debug|Any CPU
		{8A870055-918E-4CFA-8075-444EF289AC2A}.Debug|Any CPU.Build.0 = Debug|Any CPU
		{8A870055-918E-4CFA-8075-444EF289AC2A}.Release|Any CPU.ActiveCfg = Release|Any CPU
		{8A870055-918E-4CFA-8075-444EF289AC2A}.Release|Any CPU.Build.0 = Release|Any CPU
		{71157618-89CA-46F9-B584-0D8CC30A0C2E}.Debug|Any CPU.ActiveCfg = Debug|Any CPU
		{71157618-89CA-46F9-B584-0D8CC30A0C2E}.Debug|Any CPU.Build.0 = Debug|Any CPU
		{71157618-89CA-46F9-B584-0D8CC30A0C2E}.Release|Any CPU.ActiveCfg = Release|Any CPU
		{71157618-89CA-46F9-B584-0D8CC30A0C2E}.Release|Any CPU.Build.0 = Release|Any CPU
		{4E7BBC83-7DDA-49CB-AD57-052B2FE8683F}.Debug|Any CPU.ActiveCfg = Debug|Any CPU
		{4E7BBC83-7DDA-49CB-AD57-052B2FE8683F}.Debug|Any CPU.Build.0 = Debug|Any CPU
		{4E7BBC83-7DDA-49CB-AD57-052B2FE8683F}.Release|Any CPU.ActiveCfg = Release|Any CPU
		{4E7BBC83-7DDA-49CB-AD57-052B2FE8683F}.Release|Any CPU.Build.0 = Release|Any CPU
		{CC8B991A-0D70-460C-B831-736D15411B14}.Debug|Any CPU.ActiveCfg = Debug|Any CPU
		{CC8B991A-0D70-460C-B831-736D15411B14}.Debug|Any CPU.Build.0 = Debug|Any CPU
		{CC8B991A-0D70-460C-B831-736D15411B14}.Release|Any CPU.ActiveCfg = Release|Any CPU
		{CC8B991A-0D70-460C-B831-736D15411B14}.Release|Any CPU.Build.0 = Release|Any CPU
		{667F4315-16ED-4187-9520-AACABB40F9F6}.Debug|Any CPU.ActiveCfg = Debug|Any CPU
		{667F4315-16ED-4187-9520-AACABB40F9F6}.Debug|Any CPU.Build.0 = Debug|Any CPU
		{667F4315-16ED-4187-9520-AACABB40F9F6}.Release|Any CPU.ActiveCfg = Release|Any CPU
		{667F4315-16ED-4187-9520-AACABB40F9F6}.Release|Any CPU.Build.0 = Release|Any CPU
		{E36C0B44-3BE5-4E03-A49B-F28B3DFE6C94}.Debug|Any CPU.ActiveCfg = Debug|Any CPU
		{E36C0B44-3BE5-4E03-A49B-F28B3DFE6C94}.Debug|Any CPU.Build.0 = Debug|Any CPU
		{E36C0B44-3BE5-4E03-A49B-F28B3DFE6C94}.Release|Any CPU.ActiveCfg = Release|Any CPU
		{E36C0B44-3BE5-4E03-A49B-F28B3DFE6C94}.Release|Any CPU.Build.0 = Release|Any CPU
		{CBEAA740-254E-47F5-8962-B0030D3DFDF8}.Debug|Any CPU.ActiveCfg = Debug|Any CPU
		{CBEAA740-254E-47F5-8962-B0030D3DFDF8}.Debug|Any CPU.Build.0 = Debug|Any CPU
		{CBEAA740-254E-47F5-8962-B0030D3DFDF8}.Release|Any CPU.ActiveCfg = Release|Any CPU
		{CBEAA740-254E-47F5-8962-B0030D3DFDF8}.Release|Any CPU.Build.0 = Release|Any CPU
		{BE48B1CB-9550-4927-87CD-0D6259BFCF6F}.Debug|Any CPU.ActiveCfg = Debug|Any CPU
		{BE48B1CB-9550-4927-87CD-0D6259BFCF6F}.Debug|Any CPU.Build.0 = Debug|Any CPU
		{BE48B1CB-9550-4927-87CD-0D6259BFCF6F}.Release|Any CPU.ActiveCfg = Release|Any CPU
		{BE48B1CB-9550-4927-87CD-0D6259BFCF6F}.Release|Any CPU.Build.0 = Release|Any CPU
		{D094322D-014A-4340-A730-B262F51D5FBE}.Debug|Any CPU.ActiveCfg = Debug|Any CPU
		{D094322D-014A-4340-A730-B262F51D5FBE}.Debug|Any CPU.Build.0 = Debug|Any CPU
		{D094322D-014A-4340-A730-B262F51D5FBE}.Release|Any CPU.ActiveCfg = Release|Any CPU
		{D094322D-014A-4340-A730-B262F51D5FBE}.Release|Any CPU.Build.0 = Release|Any CPU
	EndGlobalSection
	GlobalSection(SolutionProperties) = preSolution
		HideSolutionNode = FALSE
	EndGlobalSection
	GlobalSection(NestedProjects) = preSolution
		{8A870055-918E-4CFA-8075-444EF289AC2A} = {CFA62D18-3EFF-4AC2-8554-8112A77370F0}
		{71157618-89CA-46F9-B584-0D8CC30A0C2E} = {488EE8D9-7142-4BE2-A6E0-4F7CF4E2D874}
		{4E7BBC83-7DDA-49CB-AD57-052B2FE8683F} = {488EE8D9-7142-4BE2-A6E0-4F7CF4E2D874}
		{CC8B991A-0D70-460C-B831-736D15411B14} = {BAFFA0E2-B42F-4ABC-BCEB-3C4B999A91CD}
		{667F4315-16ED-4187-9520-AACABB40F9F6} = {BAFFA0E2-B42F-4ABC-BCEB-3C4B999A91CD}
		{E36C0B44-3BE5-4E03-A49B-F28B3DFE6C94} = {BAFFA0E2-B42F-4ABC-BCEB-3C4B999A91CD}
		{CBEAA740-254E-47F5-8962-B0030D3DFDF8} = {BAFFA0E2-B42F-4ABC-BCEB-3C4B999A91CD}
		{BE48B1CB-9550-4927-87CD-0D6259BFCF6F} = {CFA62D18-3EFF-4AC2-8554-8112A77370F0}
		{D094322D-014A-4340-A730-B262F51D5FBE} = {948C3130-57BB-4388-8A91-D92AD390F3F4}
	EndGlobalSection
	GlobalSection(ExtensibilityGlobals) = postSolution
		SolutionGuid = {20D2E5F7-C229-42EC-9865-E7521D3D8990}
	EndGlobalSection
EndGlobal
